
Microsoft Visual Studio Solution File, Format Version 12.00
# Visual Studio Version 17
VisualStudioVersion = 17.2.32505.173
MinimumVisualStudioVersion = 10.0.40219.1
Project("{2150E333-8FDC-42A3-9474-1A3956D46DE8}") = "src", "src", "{35D45275-D93E-4899-A16B-4DA4B3728399}"
EndProject
Project("{9A19103F-16F7-4668-BE54-9A1E7A4F7556}") = "mps", "src\mps\mps.csproj", "{9FF011F4-FE73-4EBA-B086-419386B7B7B5}"
EndProject
Project("{2150E333-8FDC-42A3-9474-1A3956D46DE8}") = "_solution", "_solution", "{758D30E5-0F99-4B49-8A0E-11660E30528D}"
	ProjectSection(SolutionItems) = preProject
		.gitignore = .gitignore
		global.json = global.json
		README.md = README.md
	EndProjectSection
EndProject
Project("{2150E333-8FDC-42A3-9474-1A3956D46DE8}") = "_build", "_build", "{A71DE1DE-8C74-43EA-8D5B-D6FF939F8C2B}"
	ProjectSection(SolutionItems) = preProject
		build.ps1 = build.ps1
	EndProjectSection
EndProject
Global
	GlobalSection(SolutionConfigurationPlatforms) = preSolution
		Debug|Any CPU = Debug|Any CPU
		Release|Any CPU = Release|Any CPU
	EndGlobalSection
	GlobalSection(ProjectConfigurationPlatforms) = postSolution
		{9FF011F4-FE73-4EBA-B086-419386B7B7B5}.Debug|Any CPU.ActiveCfg = Debug|Any CPU
		{9FF011F4-FE73-4EBA-B086-419386B7B7B5}.Debug|Any CPU.Build.0 = Debug|Any CPU
		{9FF011F4-FE73-4EBA-B086-419386B7B7B5}.Release|Any CPU.ActiveCfg = Release|Any CPU
		{9FF011F4-FE73-4EBA-B086-419386B7B7B5}.Release|Any CPU.Build.0 = Release|Any CPU
	EndGlobalSection
	GlobalSection(SolutionProperties) = preSolution
		HideSolutionNode = FALSE
	EndGlobalSection
	GlobalSection(NestedProjects) = preSolution
		{9FF011F4-FE73-4EBA-B086-419386B7B7B5} = {35D45275-D93E-4899-A16B-4DA4B3728399}
	EndGlobalSection
	GlobalSection(ExtensibilityGlobals) = postSolution
		SolutionGuid = {EF6C2EC0-27FE-4A43-A11E-2CEC97098E47}
	EndGlobalSection
EndGlobal
